# THIS IS AN AUTOGENERATED FILE. DO NOT EDIT THIS FILE DIRECTLY.
# yarn lockfile v1


fclone@^1.x:
  version "1.0.11"
  resolved "https://registry.yarnpkg.com/fclone/-/fclone-1.0.11.tgz#10e85da38bfea7fc599341c296ee1d77266ee640"
  integrity sha1-EOhdo4v+p/xZk0HClu4ddyZu5kA=

posthtml-expressions@^1.1.0:
  version "1.1.0"
  resolved "https://registry.yarnpkg.com/posthtml-expressions/-/posthtml-expressions-1.1.0.tgz#1f2a64304fda8e90b5e646adcd46ddef2adae45b"
  integrity sha1-HypkME/ajpC15katzUbd7yra5Fs=
  dependencies:
    fclone "^1.x"
